PODS:
  - Firebase/AdMob (4.9.0):
    - Firebase/Core
    - Google-Mobile-Ads-SDK (= 7.28.0)
  - Firebase/Core (4.9.0):
    - FirebaseAnalytics (= 4.0.9)
    - FirebaseCore (= 4.0.15)
  - FirebaseAnalytics (4.0.9):
    - FirebaseCore (~> 4.0)
    - FirebaseInstanceID (~> 2.0)
    - GoogleToolboxForMac/NSData+zlib (~> 2.1)
    - nanopb (~> 0.3)
  - FirebaseCore (4.0.15):
    - GoogleToolboxForMac/NSData+zlib (~> 2.1)
  - FirebaseInstanceID (2.0.9):
    - FirebaseCore (~> 4.0)
  - Google-Mobile-Ads-SDK (7.28.0)
  - GoogleToolboxForMac/Defines (2.1.3)
  - GoogleToolboxForMac/NSData+zlib (2.1.3):
    - GoogleToolboxForMac/Defines (= 2.1.3)
  - KakaoOpenSDK (1.6.0):
    - KakaoOpenSDK/KakaoCommon (= 1.6.0)
    - KakaoOpenSDK/KakaoLink (= 1.6.0)
    - KakaoOpenSDK/KakaoMessageTemplate (= 1.6.0)
    - KakaoOpenSDK/KakaoNavi (= 1.6.0)
    - KakaoOpenSDK/KakaoOpenSDK (= 1.6.0)
    - KakaoOpenSDK/KakaoS2 (= 1.6.0)
  - KakaoOpenSDK/KakaoCommon (1.6.0)
  - KakaoOpenSDK/KakaoLink (1.6.0):
    - KakaoOpenSDK/KakaoCommon
  - KakaoOpenSDK/KakaoMessageTemplate (1.6.0)
  - KakaoOpenSDK/KakaoNavi (1.6.0):
    - KakaoOpenSDK/KakaoCommon
  - KakaoOpenSDK/KakaoOpenSDK (1.6.0)
  - KakaoOpenSDK/KakaoS2 (1.6.0):
    - KakaoOpenSDK/KakaoCommon
  - Material (2.13.6):
    - Material/Core (= 2.13.6)
  - Material/Core (2.13.6):
    - Motion (~> 1.3.0)
  - Motion (1.3.5):
    - Motion/Core (= 1.3.5)
  - Motion/Core (1.3.5)
  - nanopb (0.3.8):
    - nanopb/decode (= 0.3.8)
    - nanopb/encode (= 0.3.8)
  - nanopb/decode (0.3.8)
  - nanopb/encode (0.3.8)
  - ProgressWebViewController (1.6.1)
  - RestEssentials (4.0.2)

DEPENDENCIES:
  - Firebase/AdMob
  - Firebase/Core
  - KakaoOpenSDK
  - Material
  - ProgressWebViewController
  - RestEssentials

SPEC CHECKSUMS:
  Firebase: 632216af3ed7f31e3be34776947fdc7546cfb572
  FirebaseAnalytics: 388b630c15713f5dbf364071f5f3d6077fb52f4e
  FirebaseCore: 3bd047463058fa6b5d312c97502c52e45401cdfb
  FirebaseInstanceID: d2058a35e9bebda1b6dd42486b84917bde552a9d
  Google-Mobile-Ads-SDK: 7f9bc0011df363ae5616449de3682a14c4701612
  GoogleToolboxForMac: 2501e2ad72a52eb3dfe7bd9aee7dad11b858bd20
  KakaoOpenSDK: 485fb01a89b47c3ce7410a4e8fd278662f149572
  Material: ef704dcc1bced32ab7c91ece2ba734da557e3f36
  Motion: 9f74d115d7f72bb5380a8e3cde2f8a1fc898ac36
  nanopb: 5601e6bca2dbf1ed831b519092ec110f66982ca3
  ProgressWebViewController: b43f1bfd69951e07ff690eabc0fdc10abe2a8e06
  RestEssentials: 3d732e7a5eeaf9abe3fcbaf6085dbd73642a621f

PODFILE CHECKSUM: 0d2b1327aa3df361278671e480f5678c5debc759

COCOAPODS: 1.3.1
